
Microsoft Visual Studio Solution File, Format Version 12.00
Project("{FAE04EC0-301F-11D3-BF4B-00C04F79EFBC}") = "PrhApi", "PrhApi\PrhApi.csproj", "{BA4FB411-8CFB-4369-824A-35324F9020D9}"
EndProject
Project("{FAE04EC0-301F-11D3-BF4B-00C04F79EFBC}") = "PrhApi.UnitTests", "PrhApi.UnitTests\PrhApi.UnitTests.csproj", "{0A4AA5E1-5A3E-486E-BE0B-3BAD3515A1A0}"
EndProject
Project("{FAE04EC0-301F-11D3-BF4B-00C04F79EFBC}") = "PrhApi.Models.CodeGen", "PrhApi.Models.CodeGen\PrhApi.Models.CodeGen.csproj", "{24EA86D1-E1F5-4F97-9ACE-78C60630487C}"
EndProject
Project("{FAE04EC0-301F-11D3-BF4B-00C04F79EFBC}") = "PrhApi.Deployment", "..\deployment\PrhApi.Deployment.csproj", "{CD20F8D6-404D-4535-B476-A172E6EEC783}"
EndProject
Global
	GlobalSection(SolutionConfigurationPlatforms) = preSolution
		Debug|Any CPU = Debug|Any CPU
		Release|Any CPU = Release|Any CPU
	EndGlobalSection
	GlobalSection(ProjectConfigurationPlatforms) = postSolution
		{BA4FB411-8CFB-4369-824A-35324F9020D9}.Debug|Any CPU.ActiveCfg = Debug|Any CPU
		{BA4FB411-8CFB-4369-824A-35324F9020D9}.Debug|Any CPU.Build.0 = Debug|Any CPU
		{BA4FB411-8CFB-4369-824A-35324F9020D9}.Release|Any CPU.ActiveCfg = Release|Any CPU
		{BA4FB411-8CFB-4369-824A-35324F9020D9}.Release|Any CPU.Build.0 = Release|Any CPU
		{0A4AA5E1-5A3E-486E-BE0B-3BAD3515A1A0}.Debug|Any CPU.ActiveCfg = Debug|Any CPU
		{0A4AA5E1-5A3E-486E-BE0B-3BAD3515A1A0}.Debug|Any CPU.Build.0 = Debug|Any CPU
		{0A4AA5E1-5A3E-486E-BE0B-3BAD3515A1A0}.Release|Any CPU.ActiveCfg = Release|Any CPU
		{0A4AA5E1-5A3E-486E-BE0B-3BAD3515A1A0}.Release|Any CPU.Build.0 = Release|Any CPU
		{24EA86D1-E1F5-4F97-9ACE-78C60630487C}.Debug|Any CPU.ActiveCfg = Debug|Any CPU
		{24EA86D1-E1F5-4F97-9ACE-78C60630487C}.Debug|Any CPU.Build.0 = Debug|Any CPU
		{24EA86D1-E1F5-4F97-9ACE-78C60630487C}.Release|Any CPU.ActiveCfg = Release|Any CPU
		{24EA86D1-E1F5-4F97-9ACE-78C60630487C}.Release|Any CPU.Build.0 = Release|Any CPU
		{CD20F8D6-404D-4535-B476-A172E6EEC783}.Debug|Any CPU.ActiveCfg = Debug|Any CPU
		{CD20F8D6-404D-4535-B476-A172E6EEC783}.Debug|Any CPU.Build.0 = Debug|Any CPU
		{CD20F8D6-404D-4535-B476-A172E6EEC783}.Release|Any CPU.ActiveCfg = Release|Any CPU
		{CD20F8D6-404D-4535-B476-A172E6EEC783}.Release|Any CPU.Build.0 = Release|Any CPU
	EndGlobalSection
EndGlobal
